PODS:
  - boost-for-react-native (1.63.0)
  - DoubleConversion (1.1.6)
  - Folly (2018.10.22.00):
    - boost-for-react-native
    - DoubleConversion
    - Folly/Default (= 2018.10.22.00)
    - glog
  - Folly/Default (2018.10.22.00):
    - boost-for-react-native
    - DoubleConversion
    - glog
  - glog (0.3.5)
  - libwebp (1.0.3):
    - libwebp/demux (= 1.0.3)
    - libwebp/mux (= 1.0.3)
    - libwebp/webp (= 1.0.3)
  - libwebp/demux (1.0.3):
    - libwebp/webp
  - libwebp/mux (1.0.3):
    - libwebp/demux
  - libwebp/webp (1.0.3)
  - Permission-Calendars (2.0.8):
    - RNPermissions
  - Permission-Camera (2.0.8):
    - RNPermissions
  - Permission-Contacts (2.0.8):
    - RNPermissions
  - Permission-FaceID (2.0.8):
    - RNPermissions
  - Permission-LocationAlways (2.0.8):
    - RNPermissions
  - Permission-LocationWhenInUse (2.0.8):
    - RNPermissions
  - Permission-MediaLibrary (2.0.8):
    - RNPermissions
  - Permission-Microphone (2.0.8):
    - RNPermissions
  - Permission-Motion (2.0.8):
    - RNPermissions
  - Permission-Notifications (2.0.8):
    - RNPermissions
  - Permission-PhotoLibrary (2.0.8):
    - RNPermissions
  - Permission-Reminders (2.0.8):
    - RNPermissions
  - Permission-Siri (2.0.8):
    - RNPermissions
  - Permission-SpeechRecognition (2.0.8):
    - RNPermissions
  - Permission-StoreKit (2.0.8):
    - RNPermissions
  - React (0.60.5):
    - React-Core (= 0.60.5)
    - React-DevSupport (= 0.60.5)
    - React-RCTActionSheet (= 0.60.5)
    - React-RCTAnimation (= 0.60.5)
    - React-RCTBlob (= 0.60.5)
    - React-RCTImage (= 0.60.5)
    - React-RCTLinking (= 0.60.5)
    - React-RCTNetwork (= 0.60.5)
    - React-RCTSettings (= 0.60.5)
    - React-RCTText (= 0.60.5)
    - React-RCTVibration (= 0.60.5)
    - React-RCTWebSocket (= 0.60.5)
  - React-Core (0.60.5):
    - Folly (= 2018.10.22.00)
    - React-cxxreact (= 0.60.5)
    - React-jsiexecutor (= 0.60.5)
    - yoga (= 0.60.5.React)
  - React-cxxreact (0.60.5):
    - boost-for-react-native (= 1.63.0)
    - DoubleConversion
    - Folly (= 2018.10.22.00)
    - glog
    - React-jsinspector (= 0.60.5)
  - React-DevSupport (0.60.5):
    - React-Core (= 0.60.5)
    - React-RCTWebSocket (= 0.60.5)
  - React-jsi (0.60.5):
    - boost-for-react-native (= 1.63.0)
    - DoubleConversion
    - Folly (= 2018.10.22.00)
    - glog
    - React-jsi/Default (= 0.60.5)
  - React-jsi/Default (0.60.5):
    - boost-for-react-native (= 1.63.0)
    - DoubleConversion
    - Folly (= 2018.10.22.00)
    - glog
  - React-jsiexecutor (0.60.5):
    - DoubleConversion
    - Folly (= 2018.10.22.00)
    - glog
    - React-cxxreact (= 0.60.5)
    - React-jsi (= 0.60.5)
  - React-jsinspector (0.60.5)
  - react-native-image-picker (1.1.0):
    - React
  - react-native-image-resizer (1.1.0):
    - React
  - react-native-mail (4.0.0):
    - React
  - react-native-orientation (3.1.3):
    - React
  - react-native-signature-capture (0.4.10):
    - React
  - react-native-uuid-generator (6.1.1):
    - React
  - react-native-webview (7.6.0):
    - React
  - React-RCTActionSheet (0.60.5):
    - React-Core (= 0.60.5)
  - React-RCTAnimation (0.60.5):
    - React-Core (= 0.60.5)
  - React-RCTBlob (0.60.5):
    - React-Core (= 0.60.5)
    - React-RCTNetwork (= 0.60.5)
    - React-RCTWebSocket (= 0.60.5)
  - React-RCTImage (0.60.5):
    - React-Core (= 0.60.5)
    - React-RCTNetwork (= 0.60.5)
  - React-RCTLinking (0.60.5):
    - React-Core (= 0.60.5)
  - React-RCTNetwork (0.60.5):
    - React-Core (= 0.60.5)
  - React-RCTSettings (0.60.5):
    - React-Core (= 0.60.5)
  - React-RCTText (0.60.5):
    - React-Core (= 0.60.5)
  - React-RCTVibration (0.60.5):
    - React-Core (= 0.60.5)
  - React-RCTWebSocket (0.60.5):
    - React-Core (= 0.60.5)
  - rn-fetch-blob (0.10.16):
    - React-Core
  - RNCAsyncStorage (1.7.1):
    - React
  - RNFastImage (7.0.2):
    - React
    - SDWebImage (~> 5.0)
    - SDWebImageWebPCoder (~> 0.2.3)
  - RNFS (2.16.2):
    - React
  - RNGestureHandler (1.4.1):
    - React
  - RNPDF (0.10.1):
    - React
  - RNPermissions (2.0.8):
    - React
  - RNShare (2.0.0):
    - React
  - SDWebImage (5.1.1):
    - SDWebImage/Core (= 5.1.1)
  - SDWebImage/Core (5.1.1)
  - SDWebImageWebPCoder (0.2.4):
    - libwebp (~> 1.0)
    - SDWebImage/Core (~> 5.0)
  - yoga (0.60.5.React)

DEPENDENCIES:
  - DoubleConversion (from `../node_modules/react-native/third-party-podspecs/DoubleConversion.podspec`)
  - Folly (from `../node_modules/react-native/third-party-podspecs/Folly.podspec`)
  - glog (from `../node_modules/react-native/third-party-podspecs/glog.podspec`)
  - Permission-Calendars (from `../node_modules/react-native-permissions/ios/Calendars.podspec`)
  - Permission-Camera (from `../node_modules/react-native-permissions/ios/Camera.podspec`)
  - Permission-Contacts (from `../node_modules/react-native-permissions/ios/Contacts.podspec`)
  - Permission-FaceID (from `../node_modules/react-native-permissions/ios/FaceID.podspec`)
  - Permission-LocationAlways (from `../node_modules/react-native-permissions/ios/LocationAlways.podspec`)
  - Permission-LocationWhenInUse (from `../node_modules/react-native-permissions/ios/LocationWhenInUse.podspec`)
  - Permission-MediaLibrary (from `../node_modules/react-native-permissions/ios/MediaLibrary.podspec`)
  - Permission-Microphone (from `../node_modules/react-native-permissions/ios/Microphone.podspec`)
  - Permission-Motion (from `../node_modules/react-native-permissions/ios/Motion.podspec`)
  - Permission-Notifications (from `../node_modules/react-native-permissions/ios/Notifications.podspec`)
  - Permission-PhotoLibrary (from `../node_modules/react-native-permissions/ios/PhotoLibrary.podspec`)
  - Permission-Reminders (from `../node_modules/react-native-permissions/ios/Reminders.podspec`)
  - Permission-Siri (from `../node_modules/react-native-permissions/ios/Siri.podspec`)
  - Permission-SpeechRecognition (from `../node_modules/react-native-permissions/ios/SpeechRecognition.podspec`)
  - Permission-StoreKit (from `../node_modules/react-native-permissions/ios/StoreKit.podspec`)
  - React (from `../node_modules/react-native/`)
  - React-Core (from `../node_modules/react-native/React`)
  - React-cxxreact (from `../node_modules/react-native/ReactCommon/cxxreact`)
  - React-DevSupport (from `../node_modules/react-native/React`)
  - React-jsi (from `../node_modules/react-native/ReactCommon/jsi`)
  - React-jsiexecutor (from `../node_modules/react-native/ReactCommon/jsiexecutor`)
  - React-jsinspector (from `../node_modules/react-native/ReactCommon/jsinspector`)
  - react-native-image-picker (from `../node_modules/react-native-image-picker`)
  - react-native-image-resizer (from `../node_modules/react-native-image-resizer`)
  - react-native-mail (from `../node_modules/react-native-mail`)
  - react-native-orientation (from `../node_modules/react-native-orientation`)
  - react-native-signature-capture (from `../node_modules/react-native-signature-capture`)
  - react-native-uuid-generator (from `../node_modules/react-native-uuid-generator`)
  - react-native-webview (from `../node_modules/react-native-webview`)
  - React-RCTActionSheet (from `../node_modules/react-native/Libraries/ActionSheetIOS`)
  - React-RCTAnimation (from `../node_modules/react-native/Libraries/NativeAnimation`)
  - React-RCTBlob (from `../node_modules/react-native/Libraries/Blob`)
  - React-RCTImage (from `../node_modules/react-native/Libraries/Image`)
  - React-RCTLinking (from `../node_modules/react-native/Libraries/LinkingIOS`)
  - React-RCTNetwork (from `../node_modules/react-native/Libraries/Network`)
  - React-RCTSettings (from `../node_modules/react-native/Libraries/Settings`)
  - React-RCTText (from `../node_modules/react-native/Libraries/Text`)
  - React-RCTVibration (from `../node_modules/react-native/Libraries/Vibration`)
  - React-RCTWebSocket (from `../node_modules/react-native/Libraries/WebSocket`)
  - rn-fetch-blob (from `../node_modules/rn-fetch-blob`)
  - "RNCAsyncStorage (from `../node_modules/@react-native-community/async-storage`)"
  - RNFastImage (from `../node_modules/react-native-fast-image`)
  - RNFS (from `../node_modules/react-native-fs`)
  - RNGestureHandler (from `../node_modules/react-native-gesture-handler`)
  - RNPDF (from `../node_modules/react-native-view-pdf`)
  - RNPermissions (from `../node_modules/react-native-permissions`)
  - RNShare (from `../node_modules/react-native-share`)
  - yoga (from `../node_modules/react-native/ReactCommon/yoga`)

SPEC REPOS:
  https://github.com/cocoapods/specs.git:
    - boost-for-react-native
    - libwebp
    - SDWebImage
    - SDWebImageWebPCoder

EXTERNAL SOURCES:
  DoubleConversion:
    :podspec: "../node_modules/react-native/third-party-podspecs/DoubleConversion.podspec"
  Folly:
    :podspec: "../node_modules/react-native/third-party-podspecs/Folly.podspec"
  glog:
    :podspec: "../node_modules/react-native/third-party-podspecs/glog.podspec"
  Permission-Calendars:
    :path: "../node_modules/react-native-permissions/ios/Calendars.podspec"
  Permission-Camera:
    :path: "../node_modules/react-native-permissions/ios/Camera.podspec"
  Permission-Contacts:
    :path: "../node_modules/react-native-permissions/ios/Contacts.podspec"
  Permission-FaceID:
    :path: "../node_modules/react-native-permissions/ios/FaceID.podspec"
  Permission-LocationAlways:
    :path: "../node_modules/react-native-permissions/ios/LocationAlways.podspec"
  Permission-LocationWhenInUse:
    :path: "../node_modules/react-native-permissions/ios/LocationWhenInUse.podspec"
  Permission-MediaLibrary:
    :path: "../node_modules/react-native-permissions/ios/MediaLibrary.podspec"
  Permission-Microphone:
    :path: "../node_modules/react-native-permissions/ios/Microphone.podspec"
  Permission-Motion:
    :path: "../node_modules/react-native-permissions/ios/Motion.podspec"
  Permission-Notifications:
    :path: "../node_modules/react-native-permissions/ios/Notifications.podspec"
  Permission-PhotoLibrary:
    :path: "../node_modules/react-native-permissions/ios/PhotoLibrary.podspec"
  Permission-Reminders:
    :path: "../node_modules/react-native-permissions/ios/Reminders.podspec"
  Permission-Siri:
    :path: "../node_modules/react-native-permissions/ios/Siri.podspec"
  Permission-SpeechRecognition:
    :path: "../node_modules/react-native-permissions/ios/SpeechRecognition.podspec"
  Permission-StoreKit:
    :path: "../node_modules/react-native-permissions/ios/StoreKit.podspec"
  React:
    :path: "../node_modules/react-native/"
  React-Core:
    :path: "../node_modules/react-native/React"
  React-cxxreact:
    :path: "../node_modules/react-native/ReactCommon/cxxreact"
  React-DevSupport:
    :path: "../node_modules/react-native/React"
  React-jsi:
    :path: "../node_modules/react-native/ReactCommon/jsi"
  React-jsiexecutor:
    :path: "../node_modules/react-native/ReactCommon/jsiexecutor"
  React-jsinspector:
    :path: "../node_modules/react-native/ReactCommon/jsinspector"
  react-native-image-picker:
    :path: "../node_modules/react-native-image-picker"
  react-native-image-resizer:
    :path: "../node_modules/react-native-image-resizer"
  react-native-mail:
    :path: "../node_modules/react-native-mail"
  react-native-orientation:
    :path: "../node_modules/react-native-orientation"
  react-native-signature-capture:
    :path: "../node_modules/react-native-signature-capture"
  react-native-uuid-generator:
    :path: "../node_modules/react-native-uuid-generator"
  react-native-webview:
    :path: "../node_modules/react-native-webview"
  React-RCTActionSheet:
    :path: "../node_modules/react-native/Libraries/ActionSheetIOS"
  React-RCTAnimation:
    :path: "../node_modules/react-native/Libraries/NativeAnimation"
  React-RCTBlob:
    :path: "../node_modules/react-native/Libraries/Blob"
  React-RCTImage:
    :path: "../node_modules/react-native/Libraries/Image"
  React-RCTLinking:
    :path: "../node_modules/react-native/Libraries/LinkingIOS"
  React-RCTNetwork:
    :path: "../node_modules/react-native/Libraries/Network"
  React-RCTSettings:
    :path: "../node_modules/react-native/Libraries/Settings"
  React-RCTText:
    :path: "../node_modules/react-native/Libraries/Text"
  React-RCTVibration:
    :path: "../node_modules/react-native/Libraries/Vibration"
  React-RCTWebSocket:
    :path: "../node_modules/react-native/Libraries/WebSocket"
  rn-fetch-blob:
    :path: "../node_modules/rn-fetch-blob"
  RNCAsyncStorage:
    :path: "../node_modules/@react-native-community/async-storage"
  RNFastImage:
    :path: "../node_modules/react-native-fast-image"
  RNFS:
    :path: "../node_modules/react-native-fs"
  RNGestureHandler:
    :path: "../node_modules/react-native-gesture-handler"
  RNPDF:
    :path: "../node_modules/react-native-view-pdf"
  RNPermissions:
    :path: "../node_modules/react-native-permissions"
  RNShare:
    :path: "../node_modules/react-native-share"
  yoga:
    :path: "../node_modules/react-native/ReactCommon/yoga"

SPEC CHECKSUMS:
  boost-for-react-native: 39c7adb57c4e60d6c5479dd8623128eb5b3f0f2c
  DoubleConversion: 5805e889d232975c086db112ece9ed034df7a0b2
  Folly: 30e7936e1c45c08d884aa59369ed951a8e68cf51
  glog: 1f3da668190260b06b429bb211bfbee5cd790c28
  libwebp: 057912d6d0abfb6357d8bb05c0ea470301f5d61e
  Permission-Calendars: 43f00e23f78b722d5c15cdfcabd2bcf3fa02d25e
  Permission-Camera: f9a7b0b01c71febe320436aa74630f23c9483547
  Permission-Contacts: 89963431010c6f001849e3c4ef47661809407083
  Permission-FaceID: fb19f50c8ab2456d649995c0c0101abf344066dc
  Permission-LocationAlways: b04c806e399a4a2f5b2c37b1a88b0428afe77122
  Permission-LocationWhenInUse: 0d4763b950baa5442e09f6ffc4d991db8d1d5662
  Permission-MediaLibrary: 534beaed81f6e75f290c03c05d1f3353a3bb1644
  Permission-Microphone: 49c91ea622029b8c36a6ecfb65482cf4c513b53c
  Permission-Motion: c3ec6416f9b0175f5a075560a6510c562552196b
  Permission-Notifications: 0722c1cd783b86d2ae77a1a0c925d525f9170e7d
  Permission-PhotoLibrary: c15c7245aeb74aff3ad5edf70ce34adbcf02541b
  Permission-Reminders: b55b3d08d9258215d010786696f309966aa92094
  Permission-Siri: 7d720a01bb825f85b659bbe1c33feef3a1c5ca9a
  Permission-SpeechRecognition: 1d5f48613c8e914fab380f19d04cc0f55c30c6d6
  Permission-StoreKit: 559585409055453643a6f113d05ca832a0d7da26
  React: 53c53c4d99097af47cf60594b8706b4e3321e722
  React-Core: ba421f6b4f4cbe2fb17c0b6fc675f87622e78a64
  React-cxxreact: 8384287780c4999351ad9b6e7a149d9ed10a2395
  React-DevSupport: 197fb409737cff2c4f9986e77c220d7452cb9f9f
  React-jsi: 4d8c9efb6312a9725b18d6fc818ffc103f60fec2
  React-jsiexecutor: 90ad2f9db09513fc763bc757fdc3c4ff8bde2a30
  React-jsinspector: e08662d1bf5b129a3d556eb9ea343a3f40353ae4
  react-native-image-picker: 7a85cf7b0a53845f03ae52fb4592a2748ded069b
  react-native-image-resizer: 1ffe71ec5f2596c3a24d42548c03bfbfb06fe810
  react-native-mail: 7e37dfbe93ff0d4c7df346b738854dbed533e86f
  react-native-orientation: f1caf84d65f1a4fd4511a18f2b924e634ad7a628
  react-native-signature-capture: 331c29f07b4f19ccfe63c5247a956b203abb500f
  react-native-uuid-generator: 82ffa2a1cac94242ebed52c4dedc5044d3412717
  react-native-webview: db4682f1698ab4b17a5e88f951031d203ff8aea8
  React-RCTActionSheet: b0f1ea83f4bf75fb966eae9bfc47b78c8d3efd90
  React-RCTAnimation: 359ba1b5690b1e87cc173558a78e82d35919333e
  React-RCTBlob: 5e2b55f76e9a1c7ae52b826923502ddc3238df24
  React-RCTImage: f5f1c50922164e89bdda67bcd0153952a5cfe719
  React-RCTLinking: d0ecbd791e9ddddc41fa1f66b0255de90e8ee1e9
  React-RCTNetwork: e26946300b0ab7bb6c4a6348090e93fa21f33a9d
  React-RCTSettings: d0d37cb521b7470c998595a44f05847777cc3f42
  React-RCTText: b074d89033583d4f2eb5faf7ea2db3a13c7553a2
  React-RCTVibration: 2105b2e0e2b66a6408fc69a46c8a7fb5b2fdade0
  React-RCTWebSocket: cd932a16b7214898b6b7f788c8bddb3637246ac4
  rn-fetch-blob: 651b8d076b43d0d7aa294a3d9ec16c00aab8bef9
  RNCAsyncStorage: 44395cb9c7c1523104c2b499eb426ef7aff82bca
  RNFastImage: 9b0c22643872bb7494c8d87bbbb66cc4c0d9e7a2
  RNFS: 0d4191b1052bef9ce70deff00a5b4169c62bbd9b
  RNGestureHandler: 4cb47a93019c1a201df2644413a0a1569a51c8aa
  RNPDF: 96fe99f55787456ba2f7df44a866a0baf98aaf84
  RNPermissions: 923c1506d0bde387fbcfc18a8f87945806d03c19
  RNShare: 8b171d4b43c1d886917fdd303bf7a4b87167b05c
  SDWebImage: 96d7f03415ccb28d299d765f93557ff8a617abd8
  SDWebImageWebPCoder: cc72085bb20368b2f8dbb21b7e355c667e1309b7
  yoga: 312528f5bbbba37b4dcea5ef00e8b4033fdd9411

PODFILE CHECKSUM: 31a6ee31d521751a88a5ec9ec878dc3c38677de1

COCOAPODS: 1.7.0
